
Microsoft Visual Studio Solution File, Format Version 12.00
# Visual Studio 15
VisualStudioVersion = 15.0.28010.2019
MinimumVisualStudioVersion = 10.0.40219.1
Project("{FAE04EC0-301F-11D3-BF4B-00C04F79EFBC}") = "AlgoritmoLista", "AlgoritmoLista\AlgoritmoLista.csproj", "{61B744D0-12FA-4BC8-A853-E7C7C693CEB2}"
EndProject
Global
	GlobalSection(SolutionConfigurationPlatforms) = preSolution
		Debug|Any CPU = Debug|Any CPU
		Release|Any CPU = Release|Any CPU
	EndGlobalSection
	GlobalSection(ProjectConfigurationPlatforms) = postSolution
		{61B744D0-12FA-4BC8-A853-E7C7C693CEB2}.Debug|Any CPU.ActiveCfg = Debug|Any CPU
		{61B744D0-12FA-4BC8-A853-E7C7C693CEB2}.Debug|Any CPU.Build.0 = Debug|Any CPU
		{61B744D0-12FA-4BC8-A853-E7C7C693CEB2}.Release|Any CPU.ActiveCfg = Release|Any CPU
		{61B744D0-12FA-4BC8-A853-E7C7C693CEB2}.Release|Any CPU.Build.0 = Release|Any CPU
	EndGlobalSection
	GlobalSection(SolutionProperties) = preSolution
		HideSolutionNode = FALSE
	EndGlobalSection
	GlobalSection(ExtensibilityGlobals) = postSolution
		SolutionGuid = {B4D90C05-6078-4323-9880-83CA33139382}
	EndGlobalSection
EndGlobal
